
Microsoft Visual Studio Solution File, Format Version 12.00
# Visual Studio Version 17
VisualStudioVersion = 17.14.36717.8
MinimumVisualStudioVersion = 10.0.40219.1
Project("{FAE04EC0-301F-11D3-BF4B-00C04F79EFBC}") = "DVLD.Data", "DVLD.Data\DVLD.Data.csproj", "{583A5F68-EF96-4AB3-B8F1-571D99C7302A}"
EndProject
Project("{FAE04EC0-301F-11D3-BF4B-00C04F79EFBC}") = "DVLD.Business", "DVLD.Business\DVLD.Business.csproj", "{BE985B52-C59A-4E49-B4D1-C92D45370A2E}"
EndProject
Project("{FAE04EC0-301F-11D3-BF4B-00C04F79EFBC}") = "DVLD", "DVLD.Presentation\DVLD.csproj", "{6E441326-318A-4783-B49F-EE3A552F0011}"
EndProject
Global
	GlobalSection(SolutionConfigurationPlatforms) = preSolution
		Debug|Any CPU = Debug|Any CPU
		Release|Any CPU = Release|Any CPU
	EndGlobalSection
	GlobalSection(ProjectConfigurationPlatforms) = postSolution
		{583A5F68-EF96-4AB3-B8F1-571D99C7302A}.Debug|Any CPU.ActiveCfg = Debug|Any CPU
		{583A5F68-EF96-4AB3-B8F1-571D99C7302A}.Debug|Any CPU.Build.0 = Debug|Any CPU
		{583A5F68-EF96-4AB3-B8F1-571D99C7302A}.Release|Any CPU.ActiveCfg = Release|Any CPU
		{583A5F68-EF96-4AB3-B8F1-571D99C7302A}.Release|Any CPU.Build.0 = Release|Any CPU
		{BE985B52-C59A-4E49-B4D1-C92D45370A2E}.Debug|Any CPU.ActiveCfg = Debug|Any CPU
		{BE985B52-C59A-4E49-B4D1-C92D45370A2E}.Debug|Any CPU.Build.0 = Debug|Any CPU
		{BE985B52-C59A-4E49-B4D1-C92D45370A2E}.Release|Any CPU.ActiveCfg = Release|Any CPU
		{BE985B52-C59A-4E49-B4D1-C92D45370A2E}.Release|Any CPU.Build.0 = Release|Any CPU
		{6E441326-318A-4783-B49F-EE3A552F0011}.Debug|Any CPU.ActiveCfg = Debug|Any CPU
		{6E441326-318A-4783-B49F-EE3A552F0011}.Debug|Any CPU.Build.0 = Debug|Any CPU
		{6E441326-318A-4783-B49F-EE3A552F0011}.Release|Any CPU.ActiveCfg = Release|Any CPU
		{6E441326-318A-4783-B49F-EE3A552F0011}.Release|Any CPU.Build.0 = Release|Any CPU
	EndGlobalSection
	GlobalSection(SolutionProperties) = preSolution
		HideSolutionNode = FALSE
	EndGlobalSection
	GlobalSection(ExtensibilityGlobals) = postSolution
		SolutionGuid = {DE35F815-A04C-41C3-A3BE-198672D6E3EF}
	EndGlobalSection
EndGlobal
